// !$*UTF8*$!
{
	archiveVersion = 1;
	classes = {
	};
	objectVersion = 50;
	objects = {

/* Begin PBXBuildFile section */
		B2A7BA8323EEE60600F6AFB2 /* AppDelegate.swift in Sources */ = {isa = PBXBuildFile; fileRef = B2A7BA8223EEE60600F6AFB2 /* AppDelegate.swift */; };
		B2A7BA8523EEE60600F6AFB2 /* ViewController.swift in Sources */ = {isa = PBXBuildFile; fileRef = B2A7BA8423EEE60600F6AFB2 /* ViewController.swift */; };
		B2A7BA8823EEE60600F6AFB2 /* Main.storyboard in Resources */ = {isa = PBXBuildFile; fileRef = B2A7BA8623EEE60600F6AFB2 /* Main.storyboard */; };
		B2A7BA8A23EEE60800F6AFB2 /* Assets.xcassets in Resources */ = {isa = PBXBuildFile; fileRef = B2A7BA8923EEE60800F6AFB2 /* Assets.xcassets */; };
		B2A7BA8D23EEE60800F6AFB2 /* LaunchScreen.storyboard in Resources */ = {isa = PBXBuildFile; fileRef = B2A7BA8B23EEE60800F6AFB2 /* LaunchScreen.storyboard */; };
/* End PBXBuildFile section */

/* Begin PBXFileReference section */
		B2A7BA7F23EEE60600F6AFB2 /* What a Mesh!.app */ = {isa = PBXFileReference; explicitFileType = wrapper.application; includeInIndex = 0; path = "What a Mesh!.app"; sourceTree = BUILT_PRODUCTS_DIR; };
		B2A7BA8223EEE60600F6AFB2 /* AppDelegate.swift */ = {isa = PBXFileReference; lastKnownFileType = sourcecode.swift; path = AppDelegate.swift; sourceTree = "<group>"; };
		B2A7BA8423EEE60600F6AFB2 /* ViewController.swift */ = {isa = PBXFileReference; lastKnownFileType = sourcecode.swift; path = ViewController.swift; sourceTree = "<group>"; };
		B2A7BA8723EEE60600F6AFB2 /* Base */ = {isa = PBXFileReference; lastKnownFileType = file.storyboard; name = Base; path = Base.lproj/Main.storyboard; sourceTree = "<group>"; };
		B2A7BA8923EEE60800F6AFB2 /* Assets.xcassets */ = {isa = PBXFileReference; lastKnownFileType = folder.assetcatalog; path = Assets.xcassets; sourceTree = "<group>"; };
		B2A7BA8C23EEE60800F6AFB2 /* Base */ = {isa = PBXFileReference; lastKnownFileType = file.storyboard; name = Base; path = Base.lproj/LaunchScreen.storyboard; sourceTree = "<group>"; };
		B2A7BA8E23EEE60800F6AFB2 /* Info.plist */ = {isa = PBXFileReference; lastKnownFileType = text.plist.xml; path = Info.plist; sourceTree = "<group>"; };
/* End PBXFileReference section */

/* Begin PBXFrameworksBuildPhase section */
		B2A7BA7C23EEE60600F6AFB2 /* Frameworks */ = {
			isa = PBXFrameworksBuildPhase;
			buildActionMask = 2147483647;
			files = (
			);
			runOnlyForDeploymentPostprocessing = 0;
		};
/* End PBXFrameworksBuildPhase section */

/* Begin PBXGroup section */
		B2A7BA7623EEE60600F6AFB2 = {
			isa = PBXGroup;
			children = (
				B2A7BA8123EEE60600F6AFB2 /* What a Mesh! */,
				B2A7BA8023EEE60600F6AFB2 /* Products */,
			);
			sourceTree = "<group>";
		};
		B2A7BA8023EEE60600F6AFB2 /* Products */ = {
			isa = PBXGroup;
			children = (
				B2A7BA7F23EEE60600F6AFB2 /* What a Mesh!.app */,
			);
			name = Products;
			sourceTree = "<group>";
		};
		B2A7BA8123EEE60600F6AFB2 /* What a Mesh! */ = {
			isa = PBXGroup;
			children = (
				B2A7BA8223EEE60600F6AFB2 /* AppDelegate.swift */,
				B2A7BA8423EEE60600F6AFB2 /* ViewController.swift */,
				B2A7BA8623EEE60600F6AFB2 /* Main.storyboard */,
				B2A7BA8923EEE60800F6AFB2 /* Assets.xcassets */,
				B2A7BA8B23EEE60800F6AFB2 /* LaunchScreen.storyboard */,
				B2A7BA8E23EEE60800F6AFB2 /* Info.plist */,
			);
			path = "What a Mesh!";
			sourceTree = "<group>";
		};
/* End PBXGroup section */

/* Begin PBXNativeTarget section */
		B2A7BA7E23EEE60600F6AFB2 /* What a Mesh! */ = {
			isa = PBXNativeTarget;
			buildConfigurationList = B2A7BA9123EEE60800F6AFB2 /* Build configuration list for PBXNativeTarget "What a Mesh!" */;
			buildPhases = (
				B2A7BA7B23EEE60600F6AFB2 /* Sources */,
				B2A7BA7C23EEE60600F6AFB2 /* Frameworks */,
				B2A7BA7D23EEE60600F6AFB2 /* Resources */,
			);
			buildRules = (
			);
			dependencies = (
			);
			name = "What a Mesh!";
			productName = "What a Mesh!";
			productReference = B2A7BA7F23EEE60600F6AFB2 /* What a Mesh!.app */;
			productType = "com.apple.product-type.application";
		};
/* End PBXNativeTarget section */

/* Begin PBXProject section */
		B2A7BA7723EEE60600F6AFB2 /* Project object */ = {
			isa = PBXProject;
			attributes = {
				LastSwiftUpdateCheck = 1030;
				LastUpgradeCheck = 1030;
				ORGANIZATIONNAME = GabrieleGiuli;
				TargetAttributes = {
					B2A7BA7E23EEE60600F6AFB2 = {
						CreatedOnToolsVersion = 10.3;
					};
				};
			};
			buildConfigurationList = B2A7BA7A23EEE60600F6AFB2 /* Build configuration list for PBXProject "What a Mesh!" */;
			compatibilityVersion = "Xcode 9.3";
			developmentRegion = en;
			hasScannedForEncodings = 0;
			knownRegions = (
				en,
				Base,
			);
			mainGroup = B2A7BA7623EEE60600F6AFB2;
			productRefGroup = B2A7BA8023EEE60600F6AFB2 /* Products */;
			projectDirPath = "";
			projectRoot = "";
			targets = (
				B2A7BA7E23EEE60600F6AFB2 /* What a Mesh! */,
			);
		};
/* End PBXProject section */

/* Begin PBXResourcesBuildPhase section */
		B2A7BA7D23EEE60600F6AFB2 /* Resources */ = {
			isa = PBXResourcesBuildPhase;
			buildActionMask = 2147483647;
			files = (
				B2A7BA8D23EEE60800F6AFB2 /* LaunchScreen.storyboard in Resources */,
				B2A7BA8A23EEE60800F6AFB2 /* Assets.xcassets in Resources */,
				B2A7BA8823EEE60600F6AFB2 /* Main.storyboard in Resources */,
			);
			runOnlyForDeploymentPostprocessing = 0;
		};
/* End PBXResourcesBuildPhase section */

/* Begin PBXSourcesBuildPhase section */
		B2A7BA7B23EEE60600F6AFB2 /* Sources */ = {
			isa = PBXSourcesBuildPhase;
			buildActionMask = 2147483647;
			files = (
				B2A7BA8523EEE60600F6AFB2 /* ViewController.swift in Sources */,
				B2A7BA8323EEE60600F6AFB2 /* AppDelegate.swift in Sources */,
			);
			runOnlyForDeploymentPostprocessing = 0;
		};
/* End PBXSourcesBuildPhase section */

/* Begin PBXVariantGroup section */
		B2A7BA8623EEE60600F6AFB2 /* Main.storyboard */ = {
			isa = PBXVariantGroup;
			children = (
				B2A7BA8723EEE60600F6AFB2 /* Base */,
			);
			name = Main.storyboard;
			sourceTree = "<group>";
		};
		B2A7BA8B23EEE60800F6AFB2 /* LaunchScreen.storyboard */ = {
			isa = PBXVariantGroup;
			children = (
				B2A7BA8C23EEE60800F6AFB2 /* Base */,
			);
			name = LaunchScreen.storyboard;
			sourceTree = "<group>";
		};
/* End PBXVariantGroup section */

/* Begin XCBuildConfiguration section */
		B2A7BA8F23EEE60800F6AFB2 /* Debug */ = {
			isa = XCBuildConfiguration;
			buildSettings = {
				ALWAYS_SEARCH_USER_PATHS = NO;
				CLANG_ANALYZER_NONNULL = YES;
				CLANG_ANALYZER_NUMBER_OBJECT_CONVERSION = YES_AGGRESSIVE;
				CLANG_CXX_LANGUAGE_STANDARD = "gnu++14";
				CLANG_CXX_LIBRARY = "libc++";
				CLANG_ENABLE_MODULES = YES;
				CLANG_ENABLE_OBJC_ARC = YES;
				CLANG_ENABLE_OBJC_WEAK = YES;
				CLANG_WARN_BLOCK_CAPTURE_AUTORELEASING = YES;
				CLANG_WARN_BOOL_CONVERSION = YES;
				CLANG_WARN_COMMA = YES;
				CLANG_WARN_CONSTANT_CONVERSION = YES;
				CLANG_WARN_DEPRECATED_OBJC_IMPLEMENTATIONS = YES;
				CLANG_WARN_DIRECT_OBJC_ISA_USAGE = YES_ERROR;
				CLANG_WARN_DOCUMENTATION_COMMENTS = YES;
				CLANG_WARN_EMPTY_BODY = YES;
				CLANG_WARN_ENUM_CONVERSION = YES;
				CLANG_WARN_INFINITE_RECURSION = YES;
				CLANG_WARN_INT_CONVERSION = YES;
				CLANG_WARN_NON_LITERAL_NULL_CONVERSION = YES;
				CLANG_WARN_OBJC_IMPLICIT_RETAIN_SELF = YES;
				CLANG_WARN_OBJC_LITERAL_CONVERSION = YES;
				CLANG_WARN_OBJC_ROOT_CLASS = YES_ERROR;
				CLANG_WARN_RANGE_LOOP_ANALYSIS = YES;
				CLANG_WARN_STRICT_PROTOTYPES = YES;
				CLANG_WARN_SUSPICIOUS_MOVE = YES;
				CLANG_WARN_UNGUARDED_AVAILABILITY = YES_AGGRESSIVE;
				CLANG_WARN_UNREACHABLE_CODE = YES;
				CLANG_WARN__DUPLICATE_METHOD_MATCH = YES;
				CODE_SIGN_IDENTITY = "iPhone Developer";
				COPY_PHASE_STRIP = NO;
				DEBUG_INFORMATION_FORMAT = dwarf;
				ENABLE_STRICT_OBJC_MSGSEND = YES;
				ENABLE_TESTABILITY = YES;
				GCC_C_LANGUAGE_STANDARD = gnu11;
				GCC_DYNAMIC_NO_PIC = NO;
				GCC_NO_COMMON_BLOCKS = YES;
				GCC_OPTIMIZATION_LEVEL = 0;
				GCC_PREPROCESSOR_DEFINITIONS = (
					"DEBUG=1",
					"$(inherited)",
				);
				GCC_WARN_64_TO_32_BIT_CONVERSION = YES;
				GCC_WARN_ABOUT_RETURN_TYPE = YES_ERROR;
				GCC_WARN_UNDECLARED_SELECTOR = YES;
				GCC_WARN_UNINITIALIZED_AUTOS = YES_AGGRESSIVE;
				GCC_WARN_UNUSED_FUNCTION = YES;
				GCC_WARN_UNUSED_VARIABLE = YES;
				IPHONEOS_DEPLOYMENT_TARGET = 12.4;
				MTL_ENABLE_DEBUG_INFO = INCLUDE_SOURCE;
				MTL_FAST_MATH = YES;
				ONLY_ACTIVE_ARCH = YES;
				SDKROOT = iphoneos;
				SWIFT_ACTIVE_COMPILATION_CONDITIONS = DEBUG;
				SWIFT_OPTIMIZATION_LEVEL = "-Onone";
			};
			name = Debug;
		};
		B2A7BA9023EEE60800F6AFB2 /* Release */ = {
			isa = XCBuildConfiguration;
			buildSettings = {
				ALWAYS_SEARCH_USER_PATHS = NO;
				CLANG_ANALYZER_NONNULL = YES;
				CLANG_ANALYZER_NUMBER_OBJECT_CONVERSION = YES_AGGRESSIVE;
				CLANG_CXX_LANGUAGE_STANDARD = "gnu++14";
				CLANG_CXX_LIBRARY = "libc++";
				CLANG_ENABLE_MODULES = YES;
				CLANG_ENABLE_OBJC_ARC = YES;
				CLANG_ENABLE_OBJC_WEAK = YES;
				CLANG_WARN_BLOCK_CAPTURE_AUTORELEASING = YES;
				CLANG_WARN_BOOL_CONVERSION = YES;
				CLANG_WARN_COMMA = YES;
				CLANG_WARN_CONSTANT_CONVERSION = YES;
				CLANG_WARN_DEPRECATED_OBJC_IMPLEMENTATIONS = YES;
				CLANG_WARN_DIRECT_OBJC_ISA_USAGE = YES_ERROR;
				CLANG_WARN_DOCUMENTATION_COMMENTS = YES;
				CLANG_WARN_EMPTY_BODY = YES;
				CLANG_WARN_ENUM_CONVERSION = YES;
				CLANG_WARN_INFINITE_RECURSION = YES;
				CLANG_WARN_INT_CONVERSION = YES;
				CLANG_WARN_NON_LITERAL_NULL_CONVERSION = YES;
				CLANG_WARN_OBJC_IMPLICIT_RETAIN_SELF = YES;
				CLANG_WARN_OBJC_LITERAL_CONVERSION = YES;
				CLANG_WARN_OBJC_ROOT_CLASS = YES_ERROR;
				CLANG_WARN_RANGE_LOOP_ANALYSIS = YES;
				CLANG_WARN_STRICT_PROTOTYPES = YES;
				CLANG_WARN_SUSPICIOUS_MOVE = YES;
				CLANG_WARN_UNGUARDED_AVAILABILITY = YES_AGGRESSIVE;
				CLANG_WARN_UNREACHABLE_CODE = YES;
				CLANG_WARN__DUPLICATE_METHOD_MATCH = YES;
				CODE_SIGN_IDENTITY = "iPhone Developer";
				COPY_PHASE_STRIP = NO;
				DEBUG_INFORMATION_FORMAT = "dwarf-with-dsym";
				ENABLE_NS_ASSERTIONS = NO;
				ENABLE_STRICT_OBJC_MSGSEND = YES;
				GCC_C_LANGUAGE_STANDARD = gnu11;
				GCC_NO_COMMON_BLOCKS = YES;
				GCC_WARN_64_TO_32_BIT_CONVERSION = YES;
				GCC_WARN_ABOUT_RETURN_TYPE = YES_ERROR;
				GCC_WARN_UNDECLARED_SELECTOR = YES;
				GCC_WARN_UNINITIALIZED_AUTOS = YES_AGGRESSIVE;
				GCC_WARN_UNUSED_FUNCTION = YES;
				GCC_WARN_UNUSED_VARIABLE = YES;
				IPHONEOS_DEPLOYMENT_TARGET = 12.4;
				MTL_ENABLE_DEBUG_INFO = NO;
				MTL_FAST_MATH = YES;
				SDKROOT = iphoneos;
				SWIFT_COMPILATION_MODE = wholemodule;
				SWIFT_OPTIMIZATION_LEVEL = "-O";
				VALIDATE_PRODUCT = YES;
			};
			name = Release;
		};
		B2A7BA9223EEE60800F6AFB2 /* Debug */ = {
			isa = XCBuildConfiguration;
			buildSettings = {
				ASSETCATALOG_COMPILER_APPICON_NAME = AppIcon;
				CODE_SIGN_STYLE = Automatic;
				DEVELOPMENT_TEAM = Y4G2S4K79J;
				INFOPLIST_FILE = "What a Mesh!/Info.plist";
				LD_RUNPATH_SEARCH_PATHS = (
					"$(inherited)",
					"@executable_path/Frameworks",
				);
				PRODUCT_BUNDLE_IDENTIFIER = "com.GabrieleGiuli.What-a-Mesh-";
				PRODUCT_NAME = "$(TARGET_NAME)";
				SWIFT_VERSION = 5.0;
				TARGETED_DEVICE_FAMILY = "1,2";
			};
			name = Debug;
		};
		B2A7BA9323EEE60800F6AFB2 /* Release */ = {
			isa = XCBuildConfiguration;
			buildSettings = {
				ASSETCATALOG_COMPILER_APPICON_NAME = AppIcon;
				CODE_SIGN_STYLE = Automatic;
				DEVELOPMENT_TEAM = Y4G2S4K79J;
				INFOPLIST_FILE = "What a Mesh!/Info.plist";
				LD_RUNPATH_SEARCH_PATHS = (
					"$(inherited)",
					"@executable_path/Frameworks",
				);
				PRODUCT_BUNDLE_IDENTIFIER = "com.GabrieleGiuli.What-a-Mesh-";
				PRODUCT_NAME = "$(TARGET_NAME)";
				SWIFT_VERSION = 5.0;
				TARGETED_DEVICE_FAMILY = "1,2";
			};
			name = Release;
		};
/* End XCBuildConfiguration section */

/* Begin XCConfigurationList section */
		B2A7BA7A23EEE60600F6AFB2 /* Build configuration list for PBXProject "What a Mesh!" */ = {
			isa = XCConfigurationList;
			buildConfigurations = (
				B2A7BA8F23EEE60800F6AFB2 /* Debug */,
				B2A7BA9023EEE60800F6AFB2 /* Release */,
			);
			defaultConfigurationIsVisible = 0;
			defaultConfigurationName = Release;
		};
		B2A7BA9123EEE60800F6AFB2 /* Build configuration list for PBXNativeTarget "What a Mesh!" */ = {
			isa = XCConfigurationList;
			buildConfigurations = (
				B2A7BA9223EEE60800F6AFB2 /* Debug */,
				B2A7BA9323EEE60800F6AFB2 /* Release */,
			);
			defaultConfigurationIsVisible = 0;
			defaultConfigurationName = Release;
		};
/* End XCConfigurationList section */
	};
	rootObject = B2A7BA7723EEE60600F6AFB2 /* Project object */;
}
